// !$*UTF8*$!
{
	archiveVersion = 1;
	classes = {
	};
	objectVersion = 77;
	objects = {

/* Begin PBXBuildFile section */
		B7264AC52E70983A0087F0CC /* FlightDetailsUseCase.swift in Sources */ = {isa = PBXBuildFile; fileRef = B7264AC42E70983A0087F0CC /* FlightDetailsUseCase.swift */; };
		B7264AC72E70984B0087F0CC /* FlightBookUseCase.swift in Sources */ = {isa = PBXBuildFile; fileRef = B7264AC62E70984B0087F0CC /* FlightBookUseCase.swift */; };
		B7264AC92E7098650087F0CC /* FlightPrebookUseCase.swift in Sources */ = {isa = PBXBuildFile; fileRef = B7264AC82E7098650087F0CC /* FlightPrebookUseCase.swift */; };
		B73FE5812E6776D80084F311 /* ProductModule2.swift in Sources */ = {isa = PBXBuildFile; fileRef = B73FE5802E6776D80084F311 /* ProductModule2.swift */; };
		B745C2552E658E21002B7441 /* architecture.drawio in Sources */ = {isa = PBXBuildFile; fileRef = B745C2542E658E21002B7441 /* architecture.drawio */; };
		B745C2572E65A256002B7441 /* AppEnvironmentType.swift in Sources */ = {isa = PBXBuildFile; fileRef = B745C2562E65A256002B7441 /* AppEnvironmentType.swift */; };
		B745C2592E65C6B4002B7441 /* ProductModule1.swift in Sources */ = {isa = PBXBuildFile; fileRef = B745C2582E65C6B4002B7441 /* ProductModule1.swift */; };
		B745C2732E65F2B3002B7441 /* FlightNavigationView.swift in Sources */ = {isa = PBXBuildFile; fileRef = B745C2722E65F2B3002B7441 /* FlightNavigationView.swift */; };
		B745C2752E65F2C8002B7441 /* FlightSearchView.swift in Sources */ = {isa = PBXBuildFile; fileRef = B745C2742E65F2C8002B7441 /* FlightSearchView.swift */; };
		B745C2772E65F2D9002B7441 /* FlightListView.swift in Sources */ = {isa = PBXBuildFile; fileRef = B745C2762E65F2D9002B7441 /* FlightListView.swift */; };
		B745C2792E65F2E3002B7441 /* FlightDetailView.swift in Sources */ = {isa = PBXBuildFile; fileRef = B745C2782E65F2E3002B7441 /* FlightDetailView.swift */; };
		B745C27B2E65F2EC002B7441 /* FlightBookView.swift in Sources */ = {isa = PBXBuildFile; fileRef = B745C27A2E65F2EC002B7441 /* FlightBookView.swift */; };
		B745C27D2E65F2F3002B7441 /* FlightSuccessView.swift in Sources */ = {isa = PBXBuildFile; fileRef = B745C27C2E65F2F3002B7441 /* FlightSuccessView.swift */; };
		B745C27F2E65F2FB002B7441 /* FlightFailedView.swift in Sources */ = {isa = PBXBuildFile; fileRef = B745C27E2E65F2FB002B7441 /* FlightFailedView.swift */; };
		B745C2812E65F312002B7441 /* FlightSearchViewModel.swift in Sources */ = {isa = PBXBuildFile; fileRef = B745C2802E65F312002B7441 /* FlightSearchViewModel.swift */; };
		B745C2832E65F31B002B7441 /* FlightListViewModel.swift in Sources */ = {isa = PBXBuildFile; fileRef = B745C2822E65F31B002B7441 /* FlightListViewModel.swift */; };
		B745C2852E65F325002B7441 /* FlightDetailViewModel.swift in Sources */ = {isa = PBXBuildFile; fileRef = B745C2842E65F325002B7441 /* FlightDetailViewModel.swift */; };
		B745C2872E65F32C002B7441 /* FlightBookViewModel.swift in Sources */ = {isa = PBXBuildFile; fileRef = B745C2862E65F32C002B7441 /* FlightBookViewModel.swift */; };
		B745C2892E65F335002B7441 /* FlightSuccessViewModel.swift in Sources */ = {isa = PBXBuildFile; fileRef = B745C2882E65F335002B7441 /* FlightSuccessViewModel.swift */; };
		B745C28B2E65F33A002B7441 /* FlightFailedViewModel.swift in Sources */ = {isa = PBXBuildFile; fileRef = B745C28A2E65F33A002B7441 /* FlightFailedViewModel.swift */; };
		B745C28D2E65F396002B7441 /* FlightCoordinator.swift in Sources */ = {isa = PBXBuildFile; fileRef = B745C28C2E65F396002B7441 /* FlightCoordinator.swift */; };
		B745C28F2E65F3D3002B7441 /* MockFlightService.swift in Sources */ = {isa = PBXBuildFile; fileRef = B745C28E2E65F3D3002B7441 /* MockFlightService.swift */; };
		B745C2912E65F3DA002B7441 /* LiveFlightService.swift in Sources */ = {isa = PBXBuildFile; fileRef = B745C2902E65F3DA002B7441 /* LiveFlightService.swift */; };
		B745C2932E65F3E4002B7441 /* FlightServiceProtocol.swift in Sources */ = {isa = PBXBuildFile; fileRef = B745C2922E65F3E4002B7441 /* FlightServiceProtocol.swift */; };
		B745C2952E65F3F2002B7441 /* FlightRepository.swift in Sources */ = {isa = PBXBuildFile; fileRef = B745C2942E65F3F2002B7441 /* FlightRepository.swift */; };
		B745C2972E65F3F7002B7441 /* FlightRepositoryImpl.swift in Sources */ = {isa = PBXBuildFile; fileRef = B745C2962E65F3F7002B7441 /* FlightRepositoryImpl.swift */; };
		B745C2992E65F3FE002B7441 /* FlightUseCase.swift in Sources */ = {isa = PBXBuildFile; fileRef = B745C2982E65F3FE002B7441 /* FlightUseCase.swift */; };
		B745C29B2E65F46A002B7441 /* RootView.swift in Sources */ = {isa = PBXBuildFile; fileRef = B745C29A2E65F46A002B7441 /* RootView.swift */; };
		B745C29D2E65F4A4002B7441 /* NetworkClient.swift in Sources */ = {isa = PBXBuildFile; fileRef = B745C29C2E65F4A4002B7441 /* NetworkClient.swift */; };
		B745C2A02E65F4E6002B7441 /* AppEnvironment.swift in Sources */ = {isa = PBXBuildFile; fileRef = B745C29F2E65F4E6002B7441 /* AppEnvironment.swift */; };
		B745C2A52E65F585002B7441 /* AppCoordinator.swift in Sources */ = {isa = PBXBuildFile; fileRef = B745C2A42E65F585002B7441 /* AppCoordinator.swift */; };
		B745C2B32E65F643002B7441 /* HomeViewModel.swift in Sources */ = {isa = PBXBuildFile; fileRef = B745C2B22E65F643002B7441 /* HomeViewModel.swift */; };
		B745C2B52E65F64C002B7441 /* HomeView.swift in Sources */ = {isa = PBXBuildFile; fileRef = B745C2B42E65F64C002B7441 /* HomeView.swift */; };
		B745C2B72E65F6DF002B7441 /* ForgotView.swift in Sources */ = {isa = PBXBuildFile; fileRef = B745C2B62E65F6DF002B7441 /* ForgotView.swift */; };
		B745C2B92E65F6E4002B7441 /* SignupView.swift in Sources */ = {isa = PBXBuildFile; fileRef = B745C2B82E65F6E4002B7441 /* SignupView.swift */; };
		B745C2BB2E65F703002B7441 /* UserNavigationView.swift in Sources */ = {isa = PBXBuildFile; fileRef = B745C2BA2E65F703002B7441 /* UserNavigationView.swift */; };
		B745C2BD2E65F715002B7441 /* ForgotViewModel.swift in Sources */ = {isa = PBXBuildFile; fileRef = B745C2BC2E65F715002B7441 /* ForgotViewModel.swift */; };
		B745C2BF2E65F720002B7441 /* SignupViewModel.swift in Sources */ = {isa = PBXBuildFile; fileRef = B745C2BE2E65F720002B7441 /* SignupViewModel.swift */; };
		B745C2C12E65F806002B7441 /* UserModuleCoordinator.swift in Sources */ = {isa = PBXBuildFile; fileRef = B745C2C02E65F806002B7441 /* UserModuleCoordinator.swift */; };
		B745C2C62E6607A5002B7441 /* HomeModuleCoordinator.swift in Sources */ = {isa = PBXBuildFile; fileRef = B745C2C52E6607A5002B7441 /* HomeModuleCoordinator.swift */; };
		B745C2CA2E660E87002B7441 /* FlightDIContainer.swift in Sources */ = {isa = PBXBuildFile; fileRef = B745C2C92E660E87002B7441 /* FlightDIContainer.swift */; };
		B745C2CC2E660E90002B7441 /* UserServiceLocator.swift in Sources */ = {isa = PBXBuildFile; fileRef = B745C2CB2E660E90002B7441 /* UserServiceLocator.swift */; };
		B76BF60A2E64B57000D3D638 /* Preview Assets.xcassets in Resources */ = {isa = PBXBuildFile; fileRef = B76BF5FD2E64B57000D3D638 /* Preview Assets.xcassets */; };
		B76BF60B2E64B57000D3D638 /* Assets.xcassets in Resources */ = {isa = PBXBuildFile; fileRef = B76BF5FF2E64B57000D3D638 /* Assets.xcassets */; };
		B76BF60E2E64B57000D3D638 /* UserUseCase.swift in Sources */ = {isa = PBXBuildFile; fileRef = B76BF6022E64B57000D3D638 /* UserUseCase.swift */; };
		B76BF60F2E64B57000D3D638 /* LoginView.swift in Sources */ = {isa = PBXBuildFile; fileRef = B76BF6032E64B57000D3D638 /* LoginView.swift */; };
		B76BF6102E64B57000D3D638 /* LoginViewModel.swift in Sources */ = {isa = PBXBuildFile; fileRef = B76BF6042E64B57000D3D638 /* LoginViewModel.swift */; };
		B76BF6112E64B57000D3D638 /* MyApp.swift in Sources */ = {isa = PBXBuildFile; fileRef = B76BF6052E64B57000D3D638 /* MyApp.swift */; };
		B76BF6132E64B57000D3D638 /* User.swift in Sources */ = {isa = PBXBuildFile; fileRef = B76BF6072E64B57000D3D638 /* User.swift */; };
		B76BF6142E64B57000D3D638 /* UserRepositoryProtocol.swift in Sources */ = {isa = PBXBuildFile; fileRef = B76BF6082E64B57000D3D638 /* UserRepositoryProtocol.swift */; };
		B76BF6292E64B99300D3D638 /* UserRepositoryImpl.swift in Sources */ = {isa = PBXBuildFile; fileRef = B76BF6282E64B99300D3D638 /* UserRepositoryImpl.swift */; };
		B76BF62B2E64BB3900D3D638 /* UserServiceProtocol.swift in Sources */ = {isa = PBXBuildFile; fileRef = B76BF62A2E64BB3900D3D638 /* UserServiceProtocol.swift */; };
		B76BF62D2E64BB5000D3D638 /* MockUserService.swift in Sources */ = {isa = PBXBuildFile; fileRef = B76BF62C2E64BB5000D3D638 /* MockUserService.swift */; };
		B76BF6342E64C44000D3D638 /* LiveUserService.swift in Sources */ = {isa = PBXBuildFile; fileRef = B76BF6332E64C44000D3D638 /* LiveUserService.swift */; };
		B76BF6482E64C72500D3D638 /* MyAppTests.swift in Sources */ = {isa = PBXBuildFile; fileRef = B76BF6462E64C72500D3D638 /* MyAppTests.swift */; };
		B76BF64B2E64C7C900D3D638 /* LoginUseCaseTests.swift in Sources */ = {isa = PBXBuildFile; fileRef = B76BF64A2E64C7C900D3D638 /* LoginUseCaseTests.swift */; };
		B76BF64D2E64C81300D3D638 /* LoginViewModelTests.swift in Sources */ = {isa = PBXBuildFile; fileRef = B76BF64C2E64C81300D3D638 /* LoginViewModelTests.swift */; };
		B7FA1AF02E6A27630087B825 /* ProductDetailView.swift in Sources */ = {isa = PBXBuildFile; fileRef = B7FA1AEF2E6A27630087B825 /* ProductDetailView.swift */; };
		B7FA1AF22E6A27770087B825 /* ProductSuccessView.swift in Sources */ = {isa = PBXBuildFile; fileRef = B7FA1AF12E6A27770087B825 /* ProductSuccessView.swift */; };
		B7FA1AF42E6A27800087B825 /* ProductPaymentView.swift in Sources */ = {isa = PBXBuildFile; fileRef = B7FA1AF32E6A27800087B825 /* ProductPaymentView.swift */; };
		B7FA1AF62E6A278C0087B825 /* ProductBuyView.swift in Sources */ = {isa = PBXBuildFile; fileRef = B7FA1AF52E6A278C0087B825 /* ProductBuyView.swift */; };
		B7FA1AF82E6A27970087B825 /* ProductSearchView.swift in Sources */ = {isa = PBXBuildFile; fileRef = B7FA1AF72E6A27970087B825 /* ProductSearchView.swift */; };
		B7FA1AFA2E6A27AB0087B825 /* ProductNavigationView.swift in Sources */ = {isa = PBXBuildFile; fileRef = B7FA1AF92E6A27AB0087B825 /* ProductNavigationView.swift */; };
		B7FA1AFC2E6A27BB0087B825 /* ProductCoordinator.swift in Sources */ = {isa = PBXBuildFile; fileRef = B7FA1AFB2E6A27BB0087B825 /* ProductCoordinator.swift */; };
		B7FA1AFE2E6A27C90087B825 /* ProductSearchViewModel.swift in Sources */ = {isa = PBXBuildFile; fileRef = B7FA1AFD2E6A27C90087B825 /* ProductSearchViewModel.swift */; };
		B7FA1B002E6A27D40087B825 /* ProductDetailViewModel.swift in Sources */ = {isa = PBXBuildFile; fileRef = B7FA1AFF2E6A27D40087B825 /* ProductDetailViewModel.swift */; };
		B7FA1B022E6A27E10087B825 /* ProductBuyViewModel.swift in Sources */ = {isa = PBXBuildFile; fileRef = B7FA1B012E6A27E10087B825 /* ProductBuyViewModel.swift */; };
		B7FA1B042E6A27E80087B825 /* ProductPaymentViewModel.swift in Sources */ = {isa = PBXBuildFile; fileRef = B7FA1B032E6A27E80087B825 /* ProductPaymentViewModel.swift */; };
		B7FA1B062E6A27EE0087B825 /* ProductSuccessViewModel.swift in Sources */ = {isa = PBXBuildFile; fileRef = B7FA1B052E6A27EE0087B825 /* ProductSuccessViewModel.swift */; };
		B7FA1B082E6A27FD0087B825 /* ProductUseCase.swift in Sources */ = {isa = PBXBuildFile; fileRef = B7FA1B072E6A27FD0087B825 /* ProductUseCase.swift */; };
		B7FA1B0A2E6A28050087B825 /* ProductRepositoryImpl.swift in Sources */ = {isa = PBXBuildFile; fileRef = B7FA1B092E6A28050087B825 /* ProductRepositoryImpl.swift */; };
		B7FA1B0C2E6A28100087B825 /* ProductRepository.swift in Sources */ = {isa = PBXBuildFile; fileRef = B7FA1B0B2E6A28100087B825 /* ProductRepository.swift */; };
		B7FA1B0E2E6A28190087B825 /* LiveProductService.swift in Sources */ = {isa = PBXBuildFile; fileRef = B7FA1B0D2E6A28190087B825 /* LiveProductService.swift */; };
		B7FA1B102E6A28200087B825 /* MockProductService.swift in Sources */ = {isa = PBXBuildFile; fileRef = B7FA1B0F2E6A28200087B825 /* MockProductService.swift */; };
		B7FA1B142E6A28390087B825 /* ProductServiceProtocol.swift in Sources */ = {isa = PBXBuildFile; fileRef = B7FA1B132E6A28390087B825 /* ProductServiceProtocol.swift */; };
		B7FA1B162E6A29400087B825 /* ProductDIContainer.swift in Sources */ = {isa = PBXBuildFile; fileRef = B7FA1B152E6A29400087B825 /* ProductDIContainer.swift */; };
/* End PBXBuildFile section */

/* Begin PBXContainerItemProxy section */
		B76BF6412E64C71F00D3D638 /* PBXContainerItemProxy */ = {
			isa = PBXContainerItemProxy;
			containerPortal = B76BF5D62E64B44200D3D638 /* Project object */;
			proxyType = 1;
			remoteGlobalIDString = B76BF5DD2E64B44200D3D638;
			remoteInfo = MyApp;
		};
/* End PBXContainerItemProxy section */

/* Begin PBXFileReference section */
		B7264AC42E70983A0087F0CC /* FlightDetailsUseCase.swift */ = {isa = PBXFileReference; lastKnownFileType = sourcecode.swift; path = FlightDetailsUseCase.swift; sourceTree = "<group>"; };
		B7264AC62E70984B0087F0CC /* FlightBookUseCase.swift */ = {isa = PBXFileReference; lastKnownFileType = sourcecode.swift; path = FlightBookUseCase.swift; sourceTree = "<group>"; };
		B7264AC82E7098650087F0CC /* FlightPrebookUseCase.swift */ = {isa = PBXFileReference; lastKnownFileType = sourcecode.swift; path = FlightPrebookUseCase.swift; sourceTree = "<group>"; };
		B73FE5802E6776D80084F311 /* ProductModule2.swift */ = {isa = PBXFileReference; lastKnownFileType = sourcecode.swift; path = ProductModule2.swift; sourceTree = "<group>"; };
		B745C2542E658E21002B7441 /* architecture.drawio */ = {isa = PBXFileReference; lastKnownFileType = text; path = architecture.drawio; sourceTree = "<group>"; };
		B745C2562E65A256002B7441 /* AppEnvironmentType.swift */ = {isa = PBXFileReference; lastKnownFileType = sourcecode.swift; path = AppEnvironmentType.swift; sourceTree = "<group>"; };
		B745C2582E65C6B4002B7441 /* ProductModule1.swift */ = {isa = PBXFileReference; lastKnownFileType = sourcecode.swift; path = ProductModule1.swift; sourceTree = "<group>"; };
		B745C2722E65F2B3002B7441 /* FlightNavigationView.swift */ = {isa = PBXFileReference; lastKnownFileType = sourcecode.swift; path = FlightNavigationView.swift; sourceTree = "<group>"; };
		B745C2742E65F2C8002B7441 /* FlightSearchView.swift */ = {isa = PBXFileReference; lastKnownFileType = sourcecode.swift; path = FlightSearchView.swift; sourceTree = "<group>"; };
		B745C2762E65F2D9002B7441 /* FlightListView.swift */ = {isa = PBXFileReference; lastKnownFileType = sourcecode.swift; path = FlightListView.swift; sourceTree = "<group>"; };
		B745C2782E65F2E3002B7441 /* FlightDetailView.swift */ = {isa = PBXFileReference; lastKnownFileType = sourcecode.swift; path = FlightDetailView.swift; sourceTree = "<group>"; };
		B745C27A2E65F2EC002B7441 /* FlightBookView.swift */ = {isa = PBXFileReference; lastKnownFileType = sourcecode.swift; path = FlightBookView.swift; sourceTree = "<group>"; };
		B745C27C2E65F2F3002B7441 /* FlightSuccessView.swift */ = {isa = PBXFileReference; lastKnownFileType = sourcecode.swift; path = FlightSuccessView.swift; sourceTree = "<group>"; };
		B745C27E2E65F2FB002B7441 /* FlightFailedView.swift */ = {isa = PBXFileReference; lastKnownFileType = sourcecode.swift; path = FlightFailedView.swift; sourceTree = "<group>"; };
		B745C2802E65F312002B7441 /* FlightSearchViewModel.swift */ = {isa = PBXFileReference; lastKnownFileType = sourcecode.swift; path = FlightSearchViewModel.swift; sourceTree = "<group>"; };
		B745C2822E65F31B002B7441 /* FlightListViewModel.swift */ = {isa = PBXFileReference; lastKnownFileType = sourcecode.swift; path = FlightListViewModel.swift; sourceTree = "<group>"; };
		B745C2842E65F325002B7441 /* FlightDetailViewModel.swift */ = {isa = PBXFileReference; lastKnownFileType = sourcecode.swift; path = FlightDetailViewModel.swift; sourceTree = "<group>"; };
		B745C2862E65F32C002B7441 /* FlightBookViewModel.swift */ = {isa = PBXFileReference; lastKnownFileType = sourcecode.swift; path = FlightBookViewModel.swift; sourceTree = "<group>"; };
		B745C2882E65F335002B7441 /* FlightSuccessViewModel.swift */ = {isa = PBXFileReference; lastKnownFileType = sourcecode.swift; path = FlightSuccessViewModel.swift; sourceTree = "<group>"; };
		B745C28A2E65F33A002B7441 /* FlightFailedViewModel.swift */ = {isa = PBXFileReference; lastKnownFileType = sourcecode.swift; path = FlightFailedViewModel.swift; sourceTree = "<group>"; };
		B745C28C2E65F396002B7441 /* FlightCoordinator.swift */ = {isa = PBXFileReference; lastKnownFileType = sourcecode.swift; path = FlightCoordinator.swift; sourceTree = "<group>"; };
		B745C28E2E65F3D3002B7441 /* MockFlightService.swift */ = {isa = PBXFileReference; lastKnownFileType = sourcecode.swift; path = MockFlightService.swift; sourceTree = "<group>"; };
		B745C2902E65F3DA002B7441 /* LiveFlightService.swift */ = {isa = PBXFileReference; lastKnownFileType = sourcecode.swift; path = LiveFlightService.swift; sourceTree = "<group>"; };
		B745C2922E65F3E4002B7441 /* FlightServiceProtocol.swift */ = {isa = PBXFileReference; lastKnownFileType = sourcecode.swift; path = FlightServiceProtocol.swift; sourceTree = "<group>"; };
		B745C2942E65F3F2002B7441 /* FlightRepository.swift */ = {isa = PBXFileReference; lastKnownFileType = sourcecode.swift; path = FlightRepository.swift; sourceTree = "<group>"; };
		B745C2962E65F3F7002B7441 /* FlightRepositoryImpl.swift */ = {isa = PBXFileReference; lastKnownFileType = sourcecode.swift; path = FlightRepositoryImpl.swift; sourceTree = "<group>"; };
		B745C2982E65F3FE002B7441 /* FlightUseCase.swift */ = {isa = PBXFileReference; lastKnownFileType = sourcecode.swift; path = FlightUseCase.swift; sourceTree = "<group>"; };
		B745C29A2E65F46A002B7441 /* RootView.swift */ = {isa = PBXFileReference; lastKnownFileType = sourcecode.swift; path = RootView.swift; sourceTree = "<group>"; };
		B745C29C2E65F4A4002B7441 /* NetworkClient.swift */ = {isa = PBXFileReference; lastKnownFileType = sourcecode.swift; path = NetworkClient.swift; sourceTree = "<group>"; };
		B745C29F2E65F4E6002B7441 /* AppEnvironment.swift */ = {isa = PBXFileReference; lastKnownFileType = sourcecode.swift; path = AppEnvironment.swift; sourceTree = "<group>"; };
		B745C2A42E65F585002B7441 /* AppCoordinator.swift */ = {isa = PBXFileReference; lastKnownFileType = sourcecode.swift; path = AppCoordinator.swift; sourceTree = "<group>"; };
		B745C2B22E65F643002B7441 /* HomeViewModel.swift */ = {isa = PBXFileReference; lastKnownFileType = sourcecode.swift; path = HomeViewModel.swift; sourceTree = "<group>"; };
		B745C2B42E65F64C002B7441 /* HomeView.swift */ = {isa = PBXFileReference; lastKnownFileType = sourcecode.swift; path = HomeView.swift; sourceTree = "<group>"; };
		B745C2B62E65F6DF002B7441 /* ForgotView.swift */ = {isa = PBXFileReference; lastKnownFileType = sourcecode.swift; path = ForgotView.swift; sourceTree = "<group>"; };
		B745C2B82E65F6E4002B7441 /* SignupView.swift */ = {isa = PBXFileReference; lastKnownFileType = sourcecode.swift; path = SignupView.swift; sourceTree = "<group>"; };
		B745C2BA2E65F703002B7441 /* UserNavigationView.swift */ = {isa = PBXFileReference; lastKnownFileType = sourcecode.swift; path = UserNavigationView.swift; sourceTree = "<group>"; };
		B745C2BC2E65F715002B7441 /* ForgotViewModel.swift */ = {isa = PBXFileReference; lastKnownFileType = sourcecode.swift; path = ForgotViewModel.swift; sourceTree = "<group>"; };
		B745C2BE2E65F720002B7441 /* SignupViewModel.swift */ = {isa = PBXFileReference; lastKnownFileType = sourcecode.swift; path = SignupViewModel.swift; sourceTree = "<group>"; };
		B745C2C02E65F806002B7441 /* UserModuleCoordinator.swift */ = {isa = PBXFileReference; lastKnownFileType = sourcecode.swift; path = UserModuleCoordinator.swift; sourceTree = "<group>"; };
		B745C2C52E6607A5002B7441 /* HomeModuleCoordinator.swift */ = {isa = PBXFileReference; lastKnownFileType = sourcecode.swift; path = HomeModuleCoordinator.swift; sourceTree = "<group>"; };
		B745C2C92E660E87002B7441 /* FlightDIContainer.swift */ = {isa = PBXFileReference; lastKnownFileType = sourcecode.swift; path = FlightDIContainer.swift; sourceTree = "<group>"; };
		B745C2CB2E660E90002B7441 /* UserServiceLocator.swift */ = {isa = PBXFileReference; lastKnownFileType = sourcecode.swift; path = UserServiceLocator.swift; sourceTree = "<group>"; };
		B76BF5DE2E64B44200D3D638 /* MyApp.app */ = {isa = PBXFileReference; explicitFileType = wrapper.application; includeInIndex = 0; path = MyApp.app; sourceTree = BUILT_PRODUCTS_DIR; };
		B76BF5FD2E64B57000D3D638 /* Preview Assets.xcassets */ = {isa = PBXFileReference; lastKnownFileType = folder.assetcatalog; path = "Preview Assets.xcassets"; sourceTree = "<group>"; };
		B76BF5FF2E64B57000D3D638 /* Assets.xcassets */ = {isa = PBXFileReference; lastKnownFileType = folder.assetcatalog; path = Assets.xcassets; sourceTree = "<group>"; };
		B76BF6022E64B57000D3D638 /* UserUseCase.swift */ = {isa = PBXFileReference; lastKnownFileType = sourcecode.swift; path = UserUseCase.swift; sourceTree = "<group>"; };
		B76BF6032E64B57000D3D638 /* LoginView.swift */ = {isa = PBXFileReference; lastKnownFileType = sourcecode.swift; path = LoginView.swift; sourceTree = "<group>"; };
		B76BF6042E64B57000D3D638 /* LoginViewModel.swift */ = {isa = PBXFileReference; lastKnownFileType = sourcecode.swift; path = LoginViewModel.swift; sourceTree = "<group>"; };
		B76BF6052E64B57000D3D638 /* MyApp.swift */ = {isa = PBXFileReference; lastKnownFileType = sourcecode.swift; path = MyApp.swift; sourceTree = "<group>"; };
		B76BF6072E64B57000D3D638 /* User.swift */ = {isa = PBXFileReference; lastKnownFileType = sourcecode.swift; path = User.swift; sourceTree = "<group>"; };
		B76BF6082E64B57000D3D638 /* UserRepositoryProtocol.swift */ = {isa = PBXFileReference; lastKnownFileType = sourcecode.swift; path = UserRepositoryProtocol.swift; sourceTree = "<group>"; };
		B76BF6282E64B99300D3D638 /* UserRepositoryImpl.swift */ = {isa = PBXFileReference; lastKnownFileType = sourcecode.swift; path = UserRepositoryImpl.swift; sourceTree = "<group>"; };
		B76BF62A2E64BB3900D3D638 /* UserServiceProtocol.swift */ = {isa = PBXFileReference; lastKnownFileType = sourcecode.swift; path = UserServiceProtocol.swift; sourceTree = "<group>"; };
		B76BF62C2E64BB5000D3D638 /* MockUserService.swift */ = {isa = PBXFileReference; lastKnownFileType = sourcecode.swift; path = MockUserService.swift; sourceTree = "<group>"; };
		B76BF6332E64C44000D3D638 /* LiveUserService.swift */ = {isa = PBXFileReference; lastKnownFileType = sourcecode.swift; path = LiveUserService.swift; sourceTree = "<group>"; };
		B76BF63D2E64C71F00D3D638 /* MyAppTests.xctest */ = {isa = PBXFileReference; explicitFileType = wrapper.cfbundle; includeInIndex = 0; path = MyAppTests.xctest; sourceTree = BUILT_PRODUCTS_DIR; };
		B76BF6462E64C72500D3D638 /* MyAppTests.swift */ = {isa = PBXFileReference; lastKnownFileType = sourcecode.swift; path = MyAppTests.swift; sourceTree = "<group>"; };
		B76BF64A2E64C7C900D3D638 /* LoginUseCaseTests.swift */ = {isa = PBXFileReference; lastKnownFileType = sourcecode.swift; path = LoginUseCaseTests.swift; sourceTree = "<group>"; };
		B76BF64C2E64C81300D3D638 /* LoginViewModelTests.swift */ = {isa = PBXFileReference; lastKnownFileType = sourcecode.swift; path = LoginViewModelTests.swift; sourceTree = "<group>"; };
		B7FA1AEF2E6A27630087B825 /* ProductDetailView.swift */ = {isa = PBXFileReference; lastKnownFileType = sourcecode.swift; path = ProductDetailView.swift; sourceTree = "<group>"; };
		B7FA1AF12E6A27770087B825 /* ProductSuccessView.swift */ = {isa = PBXFileReference; lastKnownFileType = sourcecode.swift; path = ProductSuccessView.swift; sourceTree = "<group>"; };
		B7FA1AF32E6A27800087B825 /* ProductPaymentView.swift */ = {isa = PBXFileReference; lastKnownFileType = sourcecode.swift; path = ProductPaymentView.swift; sourceTree = "<group>"; };
		B7FA1AF52E6A278C0087B825 /* ProductBuyView.swift */ = {isa = PBXFileReference; lastKnownFileType = sourcecode.swift; path = ProductBuyView.swift; sourceTree = "<group>"; };
		B7FA1AF72E6A27970087B825 /* ProductSearchView.swift */ = {isa = PBXFileReference; lastKnownFileType = sourcecode.swift; path = ProductSearchView.swift; sourceTree = "<group>"; };
		B7FA1AF92E6A27AB0087B825 /* ProductNavigationView.swift */ = {isa = PBXFileReference; lastKnownFileType = sourcecode.swift; path = ProductNavigationView.swift; sourceTree = "<group>"; };
		B7FA1AFB2E6A27BB0087B825 /* ProductCoordinator.swift */ = {isa = PBXFileReference; lastKnownFileType = sourcecode.swift; path = ProductCoordinator.swift; sourceTree = "<group>"; };
		B7FA1AFD2E6A27C90087B825 /* ProductSearchViewModel.swift */ = {isa = PBXFileReference; lastKnownFileType = sourcecode.swift; path = ProductSearchViewModel.swift; sourceTree = "<group>"; };
		B7FA1AFF2E6A27D40087B825 /* ProductDetailViewModel.swift */ = {isa = PBXFileReference; lastKnownFileType = sourcecode.swift; path = ProductDetailViewModel.swift; sourceTree = "<group>"; };
		B7FA1B012E6A27E10087B825 /* ProductBuyViewModel.swift */ = {isa = PBXFileReference; lastKnownFileType = sourcecode.swift; path = ProductBuyViewModel.swift; sourceTree = "<group>"; };
		B7FA1B032E6A27E80087B825 /* ProductPaymentViewModel.swift */ = {isa = PBXFileReference; lastKnownFileType = sourcecode.swift; path = ProductPaymentViewModel.swift; sourceTree = "<group>"; };
		B7FA1B052E6A27EE0087B825 /* ProductSuccessViewModel.swift */ = {isa = PBXFileReference; lastKnownFileType = sourcecode.swift; path = ProductSuccessViewModel.swift; sourceTree = "<group>"; };
		B7FA1B072E6A27FD0087B825 /* ProductUseCase.swift */ = {isa = PBXFileReference; lastKnownFileType = sourcecode.swift; path = ProductUseCase.swift; sourceTree = "<group>"; };
		B7FA1B092E6A28050087B825 /* ProductRepositoryImpl.swift */ = {isa = PBXFileReference; lastKnownFileType = sourcecode.swift; path = ProductRepositoryImpl.swift; sourceTree = "<group>"; };
		B7FA1B0B2E6A28100087B825 /* ProductRepository.swift */ = {isa = PBXFileReference; lastKnownFileType = sourcecode.swift; path = ProductRepository.swift; sourceTree = "<group>"; };
		B7FA1B0D2E6A28190087B825 /* LiveProductService.swift */ = {isa = PBXFileReference; lastKnownFileType = sourcecode.swift; path = LiveProductService.swift; sourceTree = "<group>"; };
		B7FA1B0F2E6A28200087B825 /* MockProductService.swift */ = {isa = PBXFileReference; lastKnownFileType = sourcecode.swift; path = MockProductService.swift; sourceTree = "<group>"; };
		B7FA1B132E6A28390087B825 /* ProductServiceProtocol.swift */ = {isa = PBXFileReference; lastKnownFileType = sourcecode.swift; path = ProductServiceProtocol.swift; sourceTree = "<group>"; };
		B7FA1B152E6A29400087B825 /* ProductDIContainer.swift */ = {isa = PBXFileReference; lastKnownFileType = sourcecode.swift; path = ProductDIContainer.swift; sourceTree = "<group>"; };
/* End PBXFileReference section */

/* Begin PBXFrameworksBuildPhase section */
		B76BF5DB2E64B44200D3D638 /* Frameworks */ = {
			isa = PBXFrameworksBuildPhase;
			buildActionMask = 2147483647;
			files = (
			);
			runOnlyForDeploymentPostprocessing = 0;
		};
		B76BF63A2E64C71F00D3D638 /* Frameworks */ = {
			isa = PBXFrameworksBuildPhase;
			buildActionMask = 2147483647;
			files = (
			);
			runOnlyForDeploymentPostprocessing = 0;
		};
/* End PBXFrameworksBuildPhase section */

/* Begin PBXGroup section */
		B745C25A2E65EF43002B7441 /* Product */ = {
			isa = PBXGroup;
			children = (
				B745C2CF2E6613FA002B7441 /* DI */,
				B745C25B2E65EF61002B7441 /* Presentation */,
				B745C25D2E65EF69002B7441 /* Domain */,
				B745C25F2E65EFD5002B7441 /* Data */,
			);
			path = Product;
			sourceTree = "<group>";
		};
		B745C25B2E65EF61002B7441 /* Presentation */ = {
			isa = PBXGroup;
			children = (
				B745C2A62E65F5DB002B7441 /* Coordination */,
				B745C25E2E65EF88002B7441 /* Views */,
				B745C25C2E65EF68002B7441 /* ViewModels */,
			);
			path = Presentation;
			sourceTree = "<group>";
		};
		B745C25C2E65EF68002B7441 /* ViewModels */ = {
			isa = PBXGroup;
			children = (
				B7FA1AFD2E6A27C90087B825 /* ProductSearchViewModel.swift */,
				B7FA1AFF2E6A27D40087B825 /* ProductDetailViewModel.swift */,
				B7FA1B012E6A27E10087B825 /* ProductBuyViewModel.swift */,
				B7FA1B032E6A27E80087B825 /* ProductPaymentViewModel.swift */,
				B7FA1B052E6A27EE0087B825 /* ProductSuccessViewModel.swift */,
			);
			path = ViewModels;
			sourceTree = "<group>";
		};
		B745C25D2E65EF69002B7441 /* Domain */ = {
			isa = PBXGroup;
			children = (
				B745C2622E65F008002B7441 /* UseCase */,
				B745C2632E65F00C002B7441 /* Model */,
				B745C2642E65F01E002B7441 /* Repository */,
			);
			path = Domain;
			sourceTree = "<group>";
		};
		B745C25E2E65EF88002B7441 /* Views */ = {
			isa = PBXGroup;
			children = (
				B7FA1AF92E6A27AB0087B825 /* ProductNavigationView.swift */,
				B7FA1AEF2E6A27630087B825 /* ProductDetailView.swift */,
				B7FA1AF72E6A27970087B825 /* ProductSearchView.swift */,
				B7FA1AF52E6A278C0087B825 /* ProductBuyView.swift */,
				B7FA1AF12E6A27770087B825 /* ProductSuccessView.swift */,
				B7FA1AF32E6A27800087B825 /* ProductPaymentView.swift */,
			);
			path = Views;
			sourceTree = "<group>";
		};
		B745C25F2E65EFD5002B7441 /* Data */ = {
			isa = PBXGroup;
			children = (
				B745C2652E65F03E002B7441 /* RepositoryImpl */,
				B745C2662E65F040002B7441 /* Service */,
			);
			path = Data;
			sourceTree = "<group>";
		};
		B745C2622E65F008002B7441 /* UseCase */ = {
			isa = PBXGroup;
			children = (
				B7FA1B072E6A27FD0087B825 /* ProductUseCase.swift */,
			);
			path = UseCase;
			sourceTree = "<group>";
		};
		B745C2632E65F00C002B7441 /* Model */ = {
			isa = PBXGroup;
			children = (
			);
			path = Model;
			sourceTree = "<group>";
		};
		B745C2642E65F01E002B7441 /* Repository */ = {
			isa = PBXGroup;
			children = (
				B7FA1B0B2E6A28100087B825 /* ProductRepository.swift */,
			);
			path = Repository;
			sourceTree = "<group>";
		};
		B745C2652E65F03E002B7441 /* RepositoryImpl */ = {
			isa = PBXGroup;
			children = (
				B7FA1B092E6A28050087B825 /* ProductRepositoryImpl.swift */,
			);
			path = RepositoryImpl;
			sourceTree = "<group>";
		};
		B745C2662E65F040002B7441 /* Service */ = {
			isa = PBXGroup;
			children = (
				B7FA1B132E6A28390087B825 /* ProductServiceProtocol.swift */,
				B7FA1B0D2E6A28190087B825 /* LiveProductService.swift */,
				B7FA1B0F2E6A28200087B825 /* MockProductService.swift */,
			);
			path = Service;
			sourceTree = "<group>";
		};
		B745C2672E65F078002B7441 /* Views */ = {
			isa = PBXGroup;
			children = (
				B745C2722E65F2B3002B7441 /* FlightNavigationView.swift */,
				B745C2742E65F2C8002B7441 /* FlightSearchView.swift */,
				B745C2762E65F2D9002B7441 /* FlightListView.swift */,
				B745C2782E65F2E3002B7441 /* FlightDetailView.swift */,
				B745C27A2E65F2EC002B7441 /* FlightBookView.swift */,
				B745C27C2E65F2F3002B7441 /* FlightSuccessView.swift */,
				B745C27E2E65F2FB002B7441 /* FlightFailedView.swift */,
			);
			path = Views;
			sourceTree = "<group>";
		};
		B745C2682E65F078002B7441 /* ViewModels */ = {
			isa = PBXGroup;
			children = (
				B745C2802E65F312002B7441 /* FlightSearchViewModel.swift */,
				B745C2822E65F31B002B7441 /* FlightListViewModel.swift */,
				B745C2842E65F325002B7441 /* FlightDetailViewModel.swift */,
				B745C2862E65F32C002B7441 /* FlightBookViewModel.swift */,
				B745C2882E65F335002B7441 /* FlightSuccessViewModel.swift */,
				B745C28A2E65F33A002B7441 /* FlightFailedViewModel.swift */,
			);
			path = ViewModels;
			sourceTree = "<group>";
		};
		B745C2692E65F078002B7441 /* Presentation */ = {
			isa = PBXGroup;
			children = (
				B745C2712E65F078002B7441 /* Coordination */,
				B745C2672E65F078002B7441 /* Views */,
				B745C2682E65F078002B7441 /* ViewModels */,
			);
			path = Presentation;
			sourceTree = "<group>";
		};
		B745C26A2E65F078002B7441 /* UseCase */ = {
			isa = PBXGroup;
			children = (
				B745C2982E65F3FE002B7441 /* FlightUseCase.swift */,
				B7264AC42E70983A0087F0CC /* FlightDetailsUseCase.swift */,
				B7264AC62E70984B0087F0CC /* FlightBookUseCase.swift */,
				B7264AC82E7098650087F0CC /* FlightPrebookUseCase.swift */,
			);
			path = UseCase;
			sourceTree = "<group>";
		};
		B745C26B2E65F078002B7441 /* Model */ = {
			isa = PBXGroup;
			children = (
			);
			path = Model;
			sourceTree = "<group>";
		};
		B745C26C2E65F078002B7441 /* Repository */ = {
			isa = PBXGroup;
			children = (
				B745C2942E65F3F2002B7441 /* FlightRepository.swift */,
			);
			path = Repository;
			sourceTree = "<group>";
		};
		B745C26D2E65F078002B7441 /* Domain */ = {
			isa = PBXGroup;
			children = (
				B745C26A2E65F078002B7441 /* UseCase */,
				B745C26B2E65F078002B7441 /* Model */,
				B745C26C2E65F078002B7441 /* Repository */,
			);
			path = Domain;
			sourceTree = "<group>";
		};
		B745C26E2E65F078002B7441 /* RepositoryImpl */ = {
			isa = PBXGroup;
			children = (
				B745C2962E65F3F7002B7441 /* FlightRepositoryImpl.swift */,
			);
			path = RepositoryImpl;
			sourceTree = "<group>";
		};
		B745C26F2E65F078002B7441 /* Service */ = {
			isa = PBXGroup;
			children = (
				B745C2922E65F3E4002B7441 /* FlightServiceProtocol.swift */,
				B745C28E2E65F3D3002B7441 /* MockFlightService.swift */,
				B745C2902E65F3DA002B7441 /* LiveFlightService.swift */,
			);
			path = Service;
			sourceTree = "<group>";
		};
		B745C2702E65F078002B7441 /* Data */ = {
			isa = PBXGroup;
			children = (
				B745C26E2E65F078002B7441 /* RepositoryImpl */,
				B745C26F2E65F078002B7441 /* Service */,
			);
			path = Data;
			sourceTree = "<group>";
		};
		B745C2712E65F078002B7441 /* Coordination */ = {
			isa = PBXGroup;
			children = (
				B745C28C2E65F396002B7441 /* FlightCoordinator.swift */,
			);
			path = Coordination;
			sourceTree = "<group>";
		};
		B745C29E2E65F4C0002B7441 /* Environment */ = {
			isa = PBXGroup;
			children = (
				B745C2562E65A256002B7441 /* AppEnvironmentType.swift */,
				B745C29F2E65F4E6002B7441 /* AppEnvironment.swift */,
			);
			path = Environment;
			sourceTree = "<group>";
		};
		B745C2A32E65F578002B7441 /* Coordination */ = {
			isa = PBXGroup;
			children = (
				B745C2A42E65F585002B7441 /* AppCoordinator.swift */,
			);
			path = Coordination;
			sourceTree = "<group>";
		};
		B745C2A62E65F5DB002B7441 /* Coordination */ = {
			isa = PBXGroup;
			children = (
				B7FA1AFB2E6A27BB0087B825 /* ProductCoordinator.swift */,
			);
			path = Coordination;
			sourceTree = "<group>";
		};
		B745C2A72E65F634002B7441 /* Views */ = {
			isa = PBXGroup;
			children = (
				B745C2B42E65F64C002B7441 /* HomeView.swift */,
			);
			path = Views;
			sourceTree = "<group>";
		};
		B745C2A82E65F634002B7441 /* ViewModels */ = {
			isa = PBXGroup;
			children = (
				B745C2B22E65F643002B7441 /* HomeViewModel.swift */,
			);
			path = ViewModels;
			sourceTree = "<group>";
		};
		B745C2A92E65F634002B7441 /* Coordination */ = {
			isa = PBXGroup;
			children = (
				B745C2C52E6607A5002B7441 /* HomeModuleCoordinator.swift */,
			);
			path = Coordination;
			sourceTree = "<group>";
		};
		B745C2AA2E65F634002B7441 /* Presentation */ = {
			isa = PBXGroup;
			children = (
				B745C2A72E65F634002B7441 /* Views */,
				B745C2A82E65F634002B7441 /* ViewModels */,
				B745C2A92E65F634002B7441 /* Coordination */,
			);
			path = Presentation;
			sourceTree = "<group>";
		};
		B745C2AB2E65F634002B7441 /* UseCase */ = {
			isa = PBXGroup;
			children = (
			);
			path = UseCase;
			sourceTree = "<group>";
		};
		B745C2AC2E65F634002B7441 /* Model */ = {
			isa = PBXGroup;
			children = (
			);
			path = Model;
			sourceTree = "<group>";
		};
		B745C2AD2E65F634002B7441 /* Repository */ = {
			isa = PBXGroup;
			children = (
			);
			path = Repository;
			sourceTree = "<group>";
		};
		B745C2AE2E65F634002B7441 /* Domain */ = {
			isa = PBXGroup;
			children = (
				B745C2AB2E65F634002B7441 /* UseCase */,
				B745C2AC2E65F634002B7441 /* Model */,
				B745C2AD2E65F634002B7441 /* Repository */,
			);
			path = Domain;
			sourceTree = "<group>";
		};
		B745C2AF2E65F634002B7441 /* RepositoryImpl */ = {
			isa = PBXGroup;
			children = (
			);
			path = RepositoryImpl;
			sourceTree = "<group>";
		};
		B745C2B02E65F634002B7441 /* Service */ = {
			isa = PBXGroup;
			children = (
			);
			path = Service;
			sourceTree = "<group>";
		};
		B745C2B12E65F634002B7441 /* Data */ = {
			isa = PBXGroup;
			children = (
				B745C2AF2E65F634002B7441 /* RepositoryImpl */,
				B745C2B02E65F634002B7441 /* Service */,
			);
			path = Data;
			sourceTree = "<group>";
		};
		B745C2C22E65F80A002B7441 /* Coordination */ = {
			isa = PBXGroup;
			children = (
				B745C2C02E65F806002B7441 /* UserModuleCoordinator.swift */,
			);
			path = Coordination;
			sourceTree = "<group>";
		};
		B745C2CD2E66135A002B7441 /* DI */ = {
			isa = PBXGroup;
			children = (
				B745C2C92E660E87002B7441 /* FlightDIContainer.swift */,
			);
			path = DI;
			sourceTree = "<group>";
		};
		B745C2CE2E66136B002B7441 /* DI */ = {
			isa = PBXGroup;
			children = (
				B745C2CB2E660E90002B7441 /* UserServiceLocator.swift */,
			);
			path = DI;
			sourceTree = "<group>";
		};
		B745C2CF2E6613FA002B7441 /* DI */ = {
			isa = PBXGroup;
			children = (
				B7FA1B152E6A29400087B825 /* ProductDIContainer.swift */,
			);
			path = DI;
			sourceTree = "<group>";
		};
		B76BF5D52E64B44200D3D638 = {
			isa = PBXGroup;
			children = (
				B76BF6092E64B57000D3D638 /* MyApp */,
				B76BF5FF2E64B57000D3D638 /* Assets.xcassets */,
				B76BF6472E64C72500D3D638 /* MyAppTests */,
				B76BF5DF2E64B44200D3D638 /* Products */,
			);
			sourceTree = "<group>";
		};
		B76BF5DF2E64B44200D3D638 /* Products */ = {
			isa = PBXGroup;
			children = (
				B76BF5DE2E64B44200D3D638 /* MyApp.app */,
				B76BF63D2E64C71F00D3D638 /* MyAppTests.xctest */,
			);
			name = Products;
			sourceTree = "<group>";
		};
		B76BF5FE2E64B57000D3D638 /* Preview Content */ = {
			isa = PBXGroup;
			children = (
				B76BF5FD2E64B57000D3D638 /* Preview Assets.xcassets */,
			);
			path = "Preview Content";
			sourceTree = "<group>";
		};
		B76BF6092E64B57000D3D638 /* MyApp */ = {
			isa = PBXGroup;
			children = (
				B76BF6322E64BEBE00D3D638 /* App */,
				B76BF6162E64B5BA00D3D638 /* Core */,
				B76BF6152E64B57C00D3D638 /* Modules */,
				B76BF5FE2E64B57000D3D638 /* Preview Content */,
			);
			path = MyApp;
			sourceTree = "<group>";
		};
		B76BF6152E64B57C00D3D638 /* Modules */ = {
			isa = PBXGroup;
			children = (
				B76BF61B2E64B65000D3D638 /* User */,
				B76BF6302E64BE2100D3D638 /* Home */,
				B745C25A2E65EF43002B7441 /* Product */,
				B76BF6312E64BE2800D3D638 /* Flight */,
			);
			path = Modules;
			sourceTree = "<group>";
		};
		B76BF6162E64B5BA00D3D638 /* Core */ = {
			isa = PBXGroup;
			children = (
				B745C2A32E65F578002B7441 /* Coordination */,
				B745C29E2E65F4C0002B7441 /* Environment */,
				B76BF6192E64B5BC00D3D638 /* Networking */,
				B76BF6182E64B5BC00D3D638 /* Utility */,
				B76BF61A2E64B5BD00D3D638 /* Common UI */,
			);
			path = Core;
			sourceTree = "<group>";
		};
		B76BF6182E64B5BC00D3D638 /* Utility */ = {
			isa = PBXGroup;
			children = (
			);
			path = Utility;
			sourceTree = "<group>";
		};
		B76BF6192E64B5BC00D3D638 /* Networking */ = {
			isa = PBXGroup;
			children = (
				B745C29C2E65F4A4002B7441 /* NetworkClient.swift */,
			);
			path = Networking;
			sourceTree = "<group>";
		};
		B76BF61A2E64B5BD00D3D638 /* Common UI */ = {
			isa = PBXGroup;
			children = (
				B745C2582E65C6B4002B7441 /* ProductModule1.swift */,
				B73FE5802E6776D80084F311 /* ProductModule2.swift */,
				B745C2542E658E21002B7441 /* architecture.drawio */,
			);
			path = "Common UI";
			sourceTree = "<group>";
		};
		B76BF61B2E64B65000D3D638 /* User */ = {
			isa = PBXGroup;
			children = (
				B745C2CE2E66136B002B7441 /* DI */,
				B76BF6202E64B65500D3D638 /* Presentation */,
				B76BF61C2E64B65000D3D638 /* Domain */,
				B76BF6232E64B65A00D3D638 /* Data */,
			);
			path = User;
			sourceTree = "<group>";
		};
		B76BF61C2E64B65000D3D638 /* Domain */ = {
			isa = PBXGroup;
			children = (
				B76BF61F2E64B65300D3D638 /* UseCase */,
				B76BF61E2E64B65200D3D638 /* Models */,
				B76BF61D2E64B65100D3D638 /* Repository */,
			);
			path = Domain;
			sourceTree = "<group>";
		};
		B76BF61D2E64B65100D3D638 /* Repository */ = {
			isa = PBXGroup;
			children = (
				B76BF6082E64B57000D3D638 /* UserRepositoryProtocol.swift */,
			);
			path = Repository;
			sourceTree = "<group>";
		};
		B76BF61E2E64B65200D3D638 /* Models */ = {
			isa = PBXGroup;
			children = (
				B76BF6072E64B57000D3D638 /* User.swift */,
			);
			path = Models;
			sourceTree = "<group>";
		};
		B76BF61F2E64B65300D3D638 /* UseCase */ = {
			isa = PBXGroup;
			children = (
				B76BF6022E64B57000D3D638 /* UserUseCase.swift */,
			);
			path = UseCase;
			sourceTree = "<group>";
		};
		B76BF6202E64B65500D3D638 /* Presentation */ = {
			isa = PBXGroup;
			children = (
				B745C2C22E65F80A002B7441 /* Coordination */,
				B76BF6212E64B65700D3D638 /* Views */,
				B76BF6222E64B65800D3D638 /* ViewModels */,
			);
			path = Presentation;
			sourceTree = "<group>";
		};
		B76BF6212E64B65700D3D638 /* Views */ = {
			isa = PBXGroup;
			children = (
				B745C2BA2E65F703002B7441 /* UserNavigationView.swift */,
				B76BF6032E64B57000D3D638 /* LoginView.swift */,
				B745C2B62E65F6DF002B7441 /* ForgotView.swift */,
				B745C2B82E65F6E4002B7441 /* SignupView.swift */,
			);
			path = Views;
			sourceTree = "<group>";
		};
		B76BF6222E64B65800D3D638 /* ViewModels */ = {
			isa = PBXGroup;
			children = (
				B76BF6042E64B57000D3D638 /* LoginViewModel.swift */,
				B745C2BC2E65F715002B7441 /* ForgotViewModel.swift */,
				B745C2BE2E65F720002B7441 /* SignupViewModel.swift */,
			);
			path = ViewModels;
			sourceTree = "<group>";
		};
		B76BF6232E64B65A00D3D638 /* Data */ = {
			isa = PBXGroup;
			children = (
				B76BF6242E64B74400D3D638 /* RepositoryImpl */,
				B76BF6252E64B7AF00D3D638 /* Service */,
			);
			path = Data;
			sourceTree = "<group>";
		};
		B76BF6242E64B74400D3D638 /* RepositoryImpl */ = {
			isa = PBXGroup;
			children = (
				B76BF6282E64B99300D3D638 /* UserRepositoryImpl.swift */,
			);
			path = RepositoryImpl;
			sourceTree = "<group>";
		};
		B76BF6252E64B7AF00D3D638 /* Service */ = {
			isa = PBXGroup;
			children = (
				B76BF62A2E64BB3900D3D638 /* UserServiceProtocol.swift */,
				B76BF62C2E64BB5000D3D638 /* MockUserService.swift */,
				B76BF6332E64C44000D3D638 /* LiveUserService.swift */,
			);
			path = Service;
			sourceTree = "<group>";
		};
		B76BF6302E64BE2100D3D638 /* Home */ = {
			isa = PBXGroup;
			children = (
				B745C2AA2E65F634002B7441 /* Presentation */,
				B745C2AE2E65F634002B7441 /* Domain */,
				B745C2B12E65F634002B7441 /* Data */,
			);
			path = Home;
			sourceTree = "<group>";
		};
		B76BF6312E64BE2800D3D638 /* Flight */ = {
			isa = PBXGroup;
			children = (
				B745C2CD2E66135A002B7441 /* DI */,
				B745C2692E65F078002B7441 /* Presentation */,
				B745C26D2E65F078002B7441 /* Domain */,
				B745C2702E65F078002B7441 /* Data */,
			);
			path = Flight;
			sourceTree = "<group>";
		};
		B76BF6322E64BEBE00D3D638 /* App */ = {
			isa = PBXGroup;
			children = (
				B76BF6052E64B57000D3D638 /* MyApp.swift */,
				B745C29A2E65F46A002B7441 /* RootView.swift */,
			);
			path = App;
			sourceTree = "<group>";
		};
		B76BF6472E64C72500D3D638 /* MyAppTests */ = {
			isa = PBXGroup;
			children = (
				B76BF6462E64C72500D3D638 /* MyAppTests.swift */,
				B76BF64C2E64C81300D3D638 /* LoginViewModelTests.swift */,
				B76BF64A2E64C7C900D3D638 /* LoginUseCaseTests.swift */,
			);
			path = MyAppTests;
			sourceTree = "<group>";
		};
/* End PBXGroup section */

/* Begin PBXNativeTarget section */
		B76BF5DD2E64B44200D3D638 /* MyApp */ = {
			isa = PBXNativeTarget;
			buildConfigurationList = B76BF5EC2E64B44300D3D638 /* Build configuration list for PBXNativeTarget "MyApp" */;
			buildPhases = (
				B76BF5DA2E64B44200D3D638 /* Sources */,
				B76BF5DB2E64B44200D3D638 /* Frameworks */,
				B76BF5DC2E64B44200D3D638 /* Resources */,
			);
			buildRules = (
			);
			dependencies = (
			);
			name = MyApp;
			packageProductDependencies = (
			);
			productName = MVVM_SwiftUi_Modular;
			productReference = B76BF5DE2E64B44200D3D638 /* MyApp.app */;
			productType = "com.apple.product-type.application";
		};
		B76BF63C2E64C71F00D3D638 /* MyAppTests */ = {
			isa = PBXNativeTarget;
			buildConfigurationList = B76BF6432E64C71F00D3D638 /* Build configuration list for PBXNativeTarget "MyAppTests" */;
			buildPhases = (
				B76BF6392E64C71F00D3D638 /* Sources */,
				B76BF63A2E64C71F00D3D638 /* Frameworks */,
				B76BF63B2E64C71F00D3D638 /* Resources */,
			);
			buildRules = (
			);
			dependencies = (
				B76BF6422E64C71F00D3D638 /* PBXTargetDependency */,
			);
			name = MyAppTests;
			packageProductDependencies = (
			);
			productName = MyAppTests;
			productReference = B76BF63D2E64C71F00D3D638 /* MyAppTests.xctest */;
			productType = "com.apple.product-type.bundle.unit-test";
		};
/* End PBXNativeTarget section */

/* Begin PBXProject section */
		B76BF5D62E64B44200D3D638 /* Project object */ = {
			isa = PBXProject;
			attributes = {
				BuildIndependentTargetsInParallel = 1;
				LastSwiftUpdateCheck = 1620;
				LastUpgradeCheck = 1620;
				TargetAttributes = {
					B76BF5DD2E64B44200D3D638 = {
						CreatedOnToolsVersion = 16.2;
					};
					B76BF63C2E64C71F00D3D638 = {
						CreatedOnToolsVersion = 16.2;
						TestTargetID = B76BF5DD2E64B44200D3D638;
					};
				};
			};
			buildConfigurationList = B76BF5D92E64B44200D3D638 /* Build configuration list for PBXProject "MyApp" */;
			developmentRegion = en;
			hasScannedForEncodings = 0;
			knownRegions = (
				en,
				Base,
			);
			mainGroup = B76BF5D52E64B44200D3D638;
			minimizedProjectReferenceProxies = 1;
			preferredProjectObjectVersion = 77;
			productRefGroup = B76BF5DF2E64B44200D3D638 /* Products */;
			projectDirPath = "";
			projectRoot = "";
			targets = (
				B76BF5DD2E64B44200D3D638 /* MyApp */,
				B76BF63C2E64C71F00D3D638 /* MyAppTests */,
			);
		};
/* End PBXProject section */

/* Begin PBXResourcesBuildPhase section */
		B76BF5DC2E64B44200D3D638 /* Resources */ = {
			isa = PBXResourcesBuildPhase;
			buildActionMask = 2147483647;
			files = (
				B76BF60A2E64B57000D3D638 /* Preview Assets.xcassets in Resources */,
				B76BF60B2E64B57000D3D638 /* Assets.xcassets in Resources */,
			);
			runOnlyForDeploymentPostprocessing = 0;
		};
		B76BF63B2E64C71F00D3D638 /* Resources */ = {
			isa = PBXResourcesBuildPhase;
			buildActionMask = 2147483647;
			files = (
			);
			runOnlyForDeploymentPostprocessing = 0;
		};
/* End PBXResourcesBuildPhase section */

/* Begin PBXSourcesBuildPhase section */
		B76BF5DA2E64B44200D3D638 /* Sources */ = {
			isa = PBXSourcesBuildPhase;
			buildActionMask = 2147483647;
			files = (
				B745C28F2E65F3D3002B7441 /* MockFlightService.swift in Sources */,
				B745C2892E65F335002B7441 /* FlightSuccessViewModel.swift in Sources */,
				B745C27D2E65F2F3002B7441 /* FlightSuccessView.swift in Sources */,
				B7264AC92E7098650087F0CC /* FlightPrebookUseCase.swift in Sources */,
				B745C2B32E65F643002B7441 /* HomeViewModel.swift in Sources */,
				B745C2B92E65F6E4002B7441 /* SignupView.swift in Sources */,
				B7FA1AF42E6A27800087B825 /* ProductPaymentView.swift in Sources */,
				B745C2A02E65F4E6002B7441 /* AppEnvironment.swift in Sources */,
				B745C2752E65F2C8002B7441 /* FlightSearchView.swift in Sources */,
				B745C29B2E65F46A002B7441 /* RootView.swift in Sources */,
				B745C2772E65F2D9002B7441 /* FlightListView.swift in Sources */,
				B7FA1AFA2E6A27AB0087B825 /* ProductNavigationView.swift in Sources */,
				B7FA1B002E6A27D40087B825 /* ProductDetailViewModel.swift in Sources */,
				B745C28D2E65F396002B7441 /* FlightCoordinator.swift in Sources */,
				B76BF62B2E64BB3900D3D638 /* UserServiceProtocol.swift in Sources */,
				B76BF6292E64B99300D3D638 /* UserRepositoryImpl.swift in Sources */,
				B7FA1B142E6A28390087B825 /* ProductServiceProtocol.swift in Sources */,
				B76BF60E2E64B57000D3D638 /* UserUseCase.swift in Sources */,
				B745C2BB2E65F703002B7441 /* UserNavigationView.swift in Sources */,
				B7FA1AFE2E6A27C90087B825 /* ProductSearchViewModel.swift in Sources */,
				B745C2B52E65F64C002B7441 /* HomeView.swift in Sources */,
				B7FA1B0E2E6A28190087B825 /* LiveProductService.swift in Sources */,
				B7FA1B0C2E6A28100087B825 /* ProductRepository.swift in Sources */,
				B76BF62D2E64BB5000D3D638 /* MockUserService.swift in Sources */,
				B745C27B2E65F2EC002B7441 /* FlightBookView.swift in Sources */,
				B745C2812E65F312002B7441 /* FlightSearchViewModel.swift in Sources */,
				B745C2572E65A256002B7441 /* AppEnvironmentType.swift in Sources */,
				B745C2B72E65F6DF002B7441 /* ForgotView.swift in Sources */,
				B745C2A52E65F585002B7441 /* AppCoordinator.swift in Sources */,
				B7FA1B162E6A29400087B825 /* ProductDIContainer.swift in Sources */,
				B7264AC52E70983A0087F0CC /* FlightDetailsUseCase.swift in Sources */,
				B7FA1B082E6A27FD0087B825 /* ProductUseCase.swift in Sources */,
				B7FA1AF02E6A27630087B825 /* ProductDetailView.swift in Sources */,
				B745C28B2E65F33A002B7441 /* FlightFailedViewModel.swift in Sources */,
				B7FA1B042E6A27E80087B825 /* ProductPaymentViewModel.swift in Sources */,
				B76BF6342E64C44000D3D638 /* LiveUserService.swift in Sources */,
				B7FA1B062E6A27EE0087B825 /* ProductSuccessViewModel.swift in Sources */,
				B745C2CA2E660E87002B7441 /* FlightDIContainer.swift in Sources */,
				B7FA1AF22E6A27770087B825 /* ProductSuccessView.swift in Sources */,
				B745C2952E65F3F2002B7441 /* FlightRepository.swift in Sources */,
				B745C2C62E6607A5002B7441 /* HomeModuleCoordinator.swift in Sources */,
				B7FA1B102E6A28200087B825 /* MockProductService.swift in Sources */,
				B76BF60F2E64B57000D3D638 /* LoginView.swift in Sources */,
				B745C2592E65C6B4002B7441 /* ProductModule1.swift in Sources */,
				B745C2932E65F3E4002B7441 /* FlightServiceProtocol.swift in Sources */,
				B745C2972E65F3F7002B7441 /* FlightRepositoryImpl.swift in Sources */,
				B76BF6102E64B57000D3D638 /* LoginViewModel.swift in Sources */,
				B7264AC72E70984B0087F0CC /* FlightBookUseCase.swift in Sources */,
				B745C2792E65F2E3002B7441 /* FlightDetailView.swift in Sources */,
				B745C29D2E65F4A4002B7441 /* NetworkClient.swift in Sources */,
				B745C2BF2E65F720002B7441 /* SignupViewModel.swift in Sources */,
				B7FA1B0A2E6A28050087B825 /* ProductRepositoryImpl.swift in Sources */,
				B745C2912E65F3DA002B7441 /* LiveFlightService.swift in Sources */,
				B76BF6112E64B57000D3D638 /* MyApp.swift in Sources */,
				B745C2832E65F31B002B7441 /* FlightListViewModel.swift in Sources */,
				B745C2CC2E660E90002B7441 /* UserServiceLocator.swift in Sources */,
				B73FE5812E6776D80084F311 /* ProductModule2.swift in Sources */,
				B745C2552E658E21002B7441 /* architecture.drawio in Sources */,
				B745C2992E65F3FE002B7441 /* FlightUseCase.swift in Sources */,
				B745C2852E65F325002B7441 /* FlightDetailViewModel.swift in Sources */,
				B76BF6132E64B57000D3D638 /* User.swift in Sources */,
				B7FA1AF62E6A278C0087B825 /* ProductBuyView.swift in Sources */,
				B7FA1AFC2E6A27BB0087B825 /* ProductCoordinator.swift in Sources */,
				B7FA1B022E6A27E10087B825 /* ProductBuyViewModel.swift in Sources */,
				B745C2BD2E65F715002B7441 /* ForgotViewModel.swift in Sources */,
				B745C2C12E65F806002B7441 /* UserModuleCoordinator.swift in Sources */,
				B745C2872E65F32C002B7441 /* FlightBookViewModel.swift in Sources */,
				B76BF6142E64B57000D3D638 /* UserRepositoryProtocol.swift in Sources */,
				B745C2732E65F2B3002B7441 /* FlightNavigationView.swift in Sources */,
				B7FA1AF82E6A27970087B825 /* ProductSearchView.swift in Sources */,
				B745C27F2E65F2FB002B7441 /* FlightFailedView.swift in Sources */,
			);
			runOnlyForDeploymentPostprocessing = 0;
		};
		B76BF6392E64C71F00D3D638 /* Sources */ = {
			isa = PBXSourcesBuildPhase;
			buildActionMask = 2147483647;
			files = (
				B76BF64D2E64C81300D3D638 /* LoginViewModelTests.swift in Sources */,
				B76BF6482E64C72500D3D638 /* MyAppTests.swift in Sources */,
				B76BF64B2E64C7C900D3D638 /* LoginUseCaseTests.swift in Sources */,
			);
			runOnlyForDeploymentPostprocessing = 0;
		};
/* End PBXSourcesBuildPhase section */

/* Begin PBXTargetDependency section */
		B76BF6422E64C71F00D3D638 /* PBXTargetDependency */ = {
			isa = PBXTargetDependency;
			target = B76BF5DD2E64B44200D3D638 /* MyApp */;
			targetProxy = B76BF6412E64C71F00D3D638 /* PBXContainerItemProxy */;
		};
/* End PBXTargetDependency section */

/* Begin XCBuildConfiguration section */
		B76BF5EA2E64B44300D3D638 /* Debug */ = {
			isa = XCBuildConfiguration;
			buildSettings = {
				ALWAYS_SEARCH_USER_PATHS = NO;
				ASSETCATALOG_COMPILER_GENERATE_SWIFT_ASSET_SYMBOL_EXTENSIONS = YES;
				CLANG_ANALYZER_NONNULL = YES;
				CLANG_ANALYZER_NUMBER_OBJECT_CONVERSION = YES_AGGRESSIVE;
				CLANG_CXX_LANGUAGE_STANDARD = "gnu++20";
				CLANG_ENABLE_MODULES = YES;
				CLANG_ENABLE_OBJC_ARC = YES;
				CLANG_ENABLE_OBJC_WEAK = YES;
				CLANG_WARN_BLOCK_CAPTURE_AUTORELEASING = YES;
				CLANG_WARN_BOOL_CONVERSION = YES;
				CLANG_WARN_COMMA = YES;
				CLANG_WARN_CONSTANT_CONVERSION = YES;
				CLANG_WARN_DEPRECATED_OBJC_IMPLEMENTATIONS = YES;
				CLANG_WARN_DIRECT_OBJC_ISA_USAGE = YES_ERROR;
				CLANG_WARN_DOCUMENTATION_COMMENTS = YES;
				CLANG_WARN_EMPTY_BODY = YES;
				CLANG_WARN_ENUM_CONVERSION = YES;
				CLANG_WARN_INFINITE_RECURSION = YES;
				CLANG_WARN_INT_CONVERSION = YES;
				CLANG_WARN_NON_LITERAL_NULL_CONVERSION = YES;
				CLANG_WARN_OBJC_IMPLICIT_RETAIN_SELF = YES;
				CLANG_WARN_OBJC_LITERAL_CONVERSION = YES;
				CLANG_WARN_OBJC_ROOT_CLASS = YES_ERROR;
				CLANG_WARN_QUOTED_INCLUDE_IN_FRAMEWORK_HEADER = YES;
				CLANG_WARN_RANGE_LOOP_ANALYSIS = YES;
				CLANG_WARN_STRICT_PROTOTYPES = YES;
				CLANG_WARN_SUSPICIOUS_MOVE = YES;
				CLANG_WARN_UNGUARDED_AVAILABILITY = YES_AGGRESSIVE;
				CLANG_WARN_UNREACHABLE_CODE = YES;
				CLANG_WARN__DUPLICATE_METHOD_MATCH = YES;
				COPY_PHASE_STRIP = NO;
				DEBUG_INFORMATION_FORMAT = dwarf;
				ENABLE_STRICT_OBJC_MSGSEND = YES;
				ENABLE_TESTABILITY = YES;
				ENABLE_USER_SCRIPT_SANDBOXING = YES;
				GCC_C_LANGUAGE_STANDARD = gnu17;
				GCC_DYNAMIC_NO_PIC = NO;
				GCC_NO_COMMON_BLOCKS = YES;
				GCC_OPTIMIZATION_LEVEL = 0;
				GCC_PREPROCESSOR_DEFINITIONS = (
					"DEBUG=1",
					"$(inherited)",
				);
				GCC_WARN_64_TO_32_BIT_CONVERSION = YES;
				GCC_WARN_ABOUT_RETURN_TYPE = YES_ERROR;
				GCC_WARN_UNDECLARED_SELECTOR = YES;
				GCC_WARN_UNINITIALIZED_AUTOS = YES_AGGRESSIVE;
				GCC_WARN_UNUSED_FUNCTION = YES;
				GCC_WARN_UNUSED_VARIABLE = YES;
				IPHONEOS_DEPLOYMENT_TARGET = 18.2;
				LOCALIZATION_PREFERS_STRING_CATALOGS = YES;
				MTL_ENABLE_DEBUG_INFO = INCLUDE_SOURCE;
				MTL_FAST_MATH = YES;
				ONLY_ACTIVE_ARCH = YES;
				SDKROOT = iphoneos;
				SWIFT_ACTIVE_COMPILATION_CONDITIONS = "DEBUG $(inherited)";
				SWIFT_OPTIMIZATION_LEVEL = "-Onone";
			};
			name = Debug;
		};
		B76BF5EB2E64B44300D3D638 /* Release */ = {
			isa = XCBuildConfiguration;
			buildSettings = {
				ALWAYS_SEARCH_USER_PATHS = NO;
				ASSETCATALOG_COMPILER_GENERATE_SWIFT_ASSET_SYMBOL_EXTENSIONS = YES;
				CLANG_ANALYZER_NONNULL = YES;
				CLANG_ANALYZER_NUMBER_OBJECT_CONVERSION = YES_AGGRESSIVE;
				CLANG_CXX_LANGUAGE_STANDARD = "gnu++20";
				CLANG_ENABLE_MODULES = YES;
				CLANG_ENABLE_OBJC_ARC = YES;
				CLANG_ENABLE_OBJC_WEAK = YES;
				CLANG_WARN_BLOCK_CAPTURE_AUTORELEASING = YES;
				CLANG_WARN_BOOL_CONVERSION = YES;
				CLANG_WARN_COMMA = YES;
				CLANG_WARN_CONSTANT_CONVERSION = YES;
				CLANG_WARN_DEPRECATED_OBJC_IMPLEMENTATIONS = YES;
				CLANG_WARN_DIRECT_OBJC_ISA_USAGE = YES_ERROR;
				CLANG_WARN_DOCUMENTATION_COMMENTS = YES;
				CLANG_WARN_EMPTY_BODY = YES;
				CLANG_WARN_ENUM_CONVERSION = YES;
				CLANG_WARN_INFINITE_RECURSION = YES;
				CLANG_WARN_INT_CONVERSION = YES;
				CLANG_WARN_NON_LITERAL_NULL_CONVERSION = YES;
				CLANG_WARN_OBJC_IMPLICIT_RETAIN_SELF = YES;
				CLANG_WARN_OBJC_LITERAL_CONVERSION = YES;
				CLANG_WARN_OBJC_ROOT_CLASS = YES_ERROR;
				CLANG_WARN_QUOTED_INCLUDE_IN_FRAMEWORK_HEADER = YES;
				CLANG_WARN_RANGE_LOOP_ANALYSIS = YES;
				CLANG_WARN_STRICT_PROTOTYPES = YES;
				CLANG_WARN_SUSPICIOUS_MOVE = YES;
				CLANG_WARN_UNGUARDED_AVAILABILITY = YES_AGGRESSIVE;
				CLANG_WARN_UNREACHABLE_CODE = YES;
				CLANG_WARN__DUPLICATE_METHOD_MATCH = YES;
				COPY_PHASE_STRIP = NO;
				DEBUG_INFORMATION_FORMAT = "dwarf-with-dsym";
				ENABLE_NS_ASSERTIONS = NO;
				ENABLE_STRICT_OBJC_MSGSEND = YES;
				ENABLE_USER_SCRIPT_SANDBOXING = YES;
				GCC_C_LANGUAGE_STANDARD = gnu17;
				GCC_NO_COMMON_BLOCKS = YES;
				GCC_WARN_64_TO_32_BIT_CONVERSION = YES;
				GCC_WARN_ABOUT_RETURN_TYPE = YES_ERROR;
				GCC_WARN_UNDECLARED_SELECTOR = YES;
				GCC_WARN_UNINITIALIZED_AUTOS = YES_AGGRESSIVE;
				GCC_WARN_UNUSED_FUNCTION = YES;
				GCC_WARN_UNUSED_VARIABLE = YES;
				IPHONEOS_DEPLOYMENT_TARGET = 18.2;
				LOCALIZATION_PREFERS_STRING_CATALOGS = YES;
				MTL_ENABLE_DEBUG_INFO = NO;
				MTL_FAST_MATH = YES;
				SDKROOT = iphoneos;
				SWIFT_COMPILATION_MODE = wholemodule;
				VALIDATE_PRODUCT = YES;
			};
			name = Release;
		};
		B76BF5ED2E64B44300D3D638 /* Debug */ = {
			isa = XCBuildConfiguration;
			buildSettings = {
				ASSETCATALOG_COMPILER_APPICON_NAME = AppIcon;
				ASSETCATALOG_COMPILER_GLOBAL_ACCENT_COLOR_NAME = AccentColor;
				CODE_SIGN_STYLE = Automatic;
				CURRENT_PROJECT_VERSION = 1;
				DEVELOPMENT_ASSET_PATHS = "\"MyApp/Preview Content\"";
				ENABLE_PREVIEWS = YES;
				GENERATE_INFOPLIST_FILE = YES;
				INFOPLIST_KEY_UIApplicationSceneManifest_Generation = YES;
				INFOPLIST_KEY_UIApplicationSupportsIndirectInputEvents = YES;
				INFOPLIST_KEY_UILaunchScreen_Generation = YES;
				INFOPLIST_KEY_UISupportedInterfaceOrientations_iPad = "UIInterfaceOrientationPortrait UIInterfaceOrientationPortraitUpsideDown UIInterfaceOrientationLandscapeLeft UIInterfaceOrientationLandscapeRight";
				INFOPLIST_KEY_UISupportedInterfaceOrientations_iPhone = "UIInterfaceOrientationPortrait UIInterfaceOrientationLandscapeLeft UIInterfaceOrientationLandscapeRight";
				LD_RUNPATH_SEARCH_PATHS = (
					"$(inherited)",
					"@executable_path/Frameworks",
				);
				MARKETING_VERSION = 1.0;
				PRODUCT_BUNDLE_IDENTIFIER = "com.rahulad.MVVM-SwiftUi-Modular";
				PRODUCT_NAME = "$(TARGET_NAME)";
				SWIFT_EMIT_LOC_STRINGS = YES;
				SWIFT_VERSION = 5.0;
				TARGETED_DEVICE_FAMILY = "1,2";
			};
			name = Debug;
		};
		B76BF5EE2E64B44300D3D638 /* Release */ = {
			isa = XCBuildConfiguration;
			buildSettings = {
				ASSETCATALOG_COMPILER_APPICON_NAME = AppIcon;
				ASSETCATALOG_COMPILER_GLOBAL_ACCENT_COLOR_NAME = AccentColor;
				CODE_SIGN_STYLE = Automatic;
				CURRENT_PROJECT_VERSION = 1;
				DEVELOPMENT_ASSET_PATHS = "\"MyApp/Preview Content\"";
				ENABLE_PREVIEWS = YES;
				GENERATE_INFOPLIST_FILE = YES;
				INFOPLIST_KEY_UIApplicationSceneManifest_Generation = YES;
				INFOPLIST_KEY_UIApplicationSupportsIndirectInputEvents = YES;
				INFOPLIST_KEY_UILaunchScreen_Generation = YES;
				INFOPLIST_KEY_UISupportedInterfaceOrientations_iPad = "UIInterfaceOrientationPortrait UIInterfaceOrientationPortraitUpsideDown UIInterfaceOrientationLandscapeLeft UIInterfaceOrientationLandscapeRight";
				INFOPLIST_KEY_UISupportedInterfaceOrientations_iPhone = "UIInterfaceOrientationPortrait UIInterfaceOrientationLandscapeLeft UIInterfaceOrientationLandscapeRight";
				LD_RUNPATH_SEARCH_PATHS = (
					"$(inherited)",
					"@executable_path/Frameworks",
				);
				MARKETING_VERSION = 1.0;
				PRODUCT_BUNDLE_IDENTIFIER = "com.rahulad.MVVM-SwiftUi-Modular";
				PRODUCT_NAME = "$(TARGET_NAME)";
				SWIFT_EMIT_LOC_STRINGS = YES;
				SWIFT_VERSION = 5.0;
				TARGETED_DEVICE_FAMILY = "1,2";
			};
			name = Release;
		};
		B76BF6442E64C71F00D3D638 /* Debug */ = {
			isa = XCBuildConfiguration;
			buildSettings = {
				BUNDLE_LOADER = "$(TEST_HOST)";
				CODE_SIGN_STYLE = Automatic;
				CURRENT_PROJECT_VERSION = 1;
				GENERATE_INFOPLIST_FILE = YES;
				MARKETING_VERSION = 1.0;
				PRODUCT_BUNDLE_IDENTIFIER = com.rahulad.MyAppTests;
				PRODUCT_NAME = "$(TARGET_NAME)";
				SWIFT_EMIT_LOC_STRINGS = NO;
				SWIFT_VERSION = 5.0;
				TARGETED_DEVICE_FAMILY = "1,2";
				TEST_HOST = "$(BUILT_PRODUCTS_DIR)/MyApp.app/$(BUNDLE_EXECUTABLE_FOLDER_PATH)/MyApp";
			};
			name = Debug;
		};
		B76BF6452E64C71F00D3D638 /* Release */ = {
			isa = XCBuildConfiguration;
			buildSettings = {
				BUNDLE_LOADER = "$(TEST_HOST)";
				CODE_SIGN_STYLE = Automatic;
				CURRENT_PROJECT_VERSION = 1;
				GENERATE_INFOPLIST_FILE = YES;
				MARKETING_VERSION = 1.0;
				PRODUCT_BUNDLE_IDENTIFIER = com.rahulad.MyAppTests;
				PRODUCT_NAME = "$(TARGET_NAME)";
				SWIFT_EMIT_LOC_STRINGS = NO;
				SWIFT_VERSION = 5.0;
				TARGETED_DEVICE_FAMILY = "1,2";
				TEST_HOST = "$(BUILT_PRODUCTS_DIR)/MyApp.app/$(BUNDLE_EXECUTABLE_FOLDER_PATH)/MyApp";
			};
			name = Release;
		};
/* End XCBuildConfiguration section */

/* Begin XCConfigurationList section */
		B76BF5D92E64B44200D3D638 /* Build configuration list for PBXProject "MyApp" */ = {
			isa = XCConfigurationList;
			buildConfigurations = (
				B76BF5EA2E64B44300D3D638 /* Debug */,
				B76BF5EB2E64B44300D3D638 /* Release */,
			);
			defaultConfigurationIsVisible = 0;
			defaultConfigurationName = Release;
		};
		B76BF5EC2E64B44300D3D638 /* Build configuration list for PBXNativeTarget "MyApp" */ = {
			isa = XCConfigurationList;
			buildConfigurations = (
				B76BF5ED2E64B44300D3D638 /* Debug */,
				B76BF5EE2E64B44300D3D638 /* Release */,
			);
			defaultConfigurationIsVisible = 0;
			defaultConfigurationName = Release;
		};
		B76BF6432E64C71F00D3D638 /* Build configuration list for PBXNativeTarget "MyAppTests" */ = {
			isa = XCConfigurationList;
			buildConfigurations = (
				B76BF6442E64C71F00D3D638 /* Debug */,
				B76BF6452E64C71F00D3D638 /* Release */,
			);
			defaultConfigurationIsVisible = 0;
			defaultConfigurationName = Release;
		};
/* End XCConfigurationList section */
	};
	rootObject = B76BF5D62E64B44200D3D638 /* Project object */;
}
